# THIS IS AN AUTOGENERATED FILE. DO NOT EDIT THIS FILE DIRECTLY.
# yarn lockfile v1


"@types/bluebird-global@^3.0.1":
  version "3.0.1"
  resolved "https://registry.yarnpkg.com/@types/bluebird-global/-/bluebird-global-3.0.1.tgz#574689d53199ca6048e0c3c1568a5fc55e76a433"
  dependencies:
    "@types/bluebird" "*"

"@types/bluebird@*", "@types/bluebird@^3.0.37":
  version "3.0.37"
  resolved "https://registry.yarnpkg.com/@types/bluebird/-/bluebird-3.0.37.tgz#2e76b394aa9bea40d04241a31c0887a260283388"

"@types/es6-shim@^0.31.32":
  version "0.31.32"
  resolved "https://registry.yarnpkg.com/@types/es6-shim/-/es6-shim-0.31.32.tgz#8196c09e1e40ac977c713bf258090989f501d8ff"

"@types/fs-promise@^1.0.1":
  version "1.0.1"
  resolved "https://registry.yarnpkg.com/@types/fs-promise/-/fs-promise-1.0.1.tgz#a77e18c055d7757d44a34c1ed7e8bb505992f783"
  dependencies:
    "@types/mz" "*"
    "@types/node" "*"

"@types/mz@*":
  version "0.0.30"
  resolved "https://registry.yarnpkg.com/@types/mz/-/mz-0.0.30.tgz#58daa9f35811d607037bab1f9cc7d4a23e6aafae"
  dependencies:
    "@types/node" "*"

"@types/node@*", "@types/node@^6.0.58":
  version "6.0.64"
  resolved "https://registry.yarnpkg.com/@types/node/-/node-6.0.64.tgz#cdc901411f6301e1437dfed23bc68f54442e4dc8"

"@vtex/npm-ramda@^0.23.0-RC1":
  version "0.23.0-RC1"
  resolved "https://registry.yarnpkg.com/@vtex/npm-ramda/-/npm-ramda-0.23.0-RC1.tgz#b023321da08a2c93a896f11811f1d5a5edc21172"

ansi-align@^1.1.0:
  version "1.1.0"
  resolved "https://registry.yarnpkg.com/ansi-align/-/ansi-align-1.1.0.tgz#2f0c1658829739add5ebb15e6b0c6e3423f016ba"
  dependencies:
    string-width "^1.0.1"

ansi-regex@^2.0.0:
  version "2.1.1"
  resolved "https://registry.yarnpkg.com/ansi-regex/-/ansi-regex-2.1.1.tgz#c3b33ab5ee360d86e0e628f0468ae7ef27d654df"

ansi-styles@^2.2.1:
  version "2.2.1"
  resolved "https://registry.yarnpkg.com/ansi-styles/-/ansi-styles-2.2.1.tgz#b432dd3358b634cf75e1e4664368240533c1ddbe"

any-promise@^1.0.0, any-promise@^1.3.0:
  version "1.3.0"
  resolved "https://registry.yarnpkg.com/any-promise/-/any-promise-1.3.0.tgz#abc6afeedcea52e809cdc0376aed3ce39635d17f"

arrify@^1.0.0:
  version "1.0.1"
  resolved "https://registry.yarnpkg.com/arrify/-/arrify-1.0.1.tgz#898508da2226f380df904728456849c1501a4b0d"

axios@^0.15.3:
  version "0.15.3"
  resolved "https://registry.yarnpkg.com/axios/-/axios-0.15.3.tgz#2c9d638b2e191a08ea1d6cc988eadd6ba5bdc053"
  dependencies:
    follow-redirects "1.0.0"

babel-code-frame@^6.20.0:
  version "6.22.0"
  resolved "https://registry.yarnpkg.com/babel-code-frame/-/babel-code-frame-6.22.0.tgz#027620bee567a88c32561574e7fd0801d33118e4"
  dependencies:
    chalk "^1.1.0"
    esutils "^2.0.2"
    js-tokens "^3.0.0"

babel-runtime@^6.20.0:
  version "6.23.0"
  resolved "https://registry.yarnpkg.com/babel-runtime/-/babel-runtime-6.23.0.tgz#0a9489f144de70efb3ce4300accdb329e2fc543b"
  dependencies:
    core-js "^2.4.0"
    regenerator-runtime "^0.10.0"

balanced-match@^0.4.1:
  version "0.4.2"
  resolved "https://registry.yarnpkg.com/balanced-match/-/balanced-match-0.4.2.tgz#cb3f3e3c732dc0f01ee70b403f302e61d7709838"

bluebird@^3.4.1:
  version "3.5.0"
  resolved "https://registry.yarnpkg.com/bluebird/-/bluebird-3.5.0.tgz#791420d7f551eea2897453a8a77653f96606d67c"

boxen@^1.0.0:
  version "1.0.0"
  resolved "https://registry.yarnpkg.com/boxen/-/boxen-1.0.0.tgz#b2694baf1f605f708ff0177c12193b22f29aaaab"
  dependencies:
    ansi-align "^1.1.0"
    camelcase "^4.0.0"
    chalk "^1.1.1"
    cli-boxes "^1.0.0"
    string-width "^2.0.0"
    term-size "^0.1.0"
    widest-line "^1.0.0"

brace-expansion@^1.0.0:
  version "1.1.6"
  resolved "https://registry.yarnpkg.com/brace-expansion/-/brace-expansion-1.1.6.tgz#7197d7eaa9b87e648390ea61fc66c84427420df9"
  dependencies:
    balanced-match "^0.4.1"
    concat-map "0.0.1"

bytes@2.4.0:
  version "2.4.0"
  resolved "https://registry.yarnpkg.com/bytes/-/bytes-2.4.0.tgz#7d97196f9d5baf7f6935e25985549edd2a6c2339"

camelcase@^4.0.0:
  version "4.0.0"
  resolved "https://registry.yarnpkg.com/camelcase/-/camelcase-4.0.0.tgz#8b0f90d44be5e281b903b9887349b92595ef07f2"

capture-stack-trace@^1.0.0:
  version "1.0.0"
  resolved "https://registry.yarnpkg.com/capture-stack-trace/-/capture-stack-trace-1.0.0.tgz#4a6fa07399c26bba47f0b2496b4d0fb408c5550d"

chalk@^1.0.0, chalk@^1.1.0, chalk@^1.1.1:
  version "1.1.3"
  resolved "https://registry.yarnpkg.com/chalk/-/chalk-1.1.3.tgz#a8115c55e4a702fe4d150abd3872822a7e09fc98"
  dependencies:
    ansi-styles "^2.2.1"
    escape-string-regexp "^1.0.2"
    has-ansi "^2.0.0"
    strip-ansi "^3.0.0"
    supports-color "^2.0.0"

cli-boxes@^1.0.0:
  version "1.0.0"
  resolved "https://registry.yarnpkg.com/cli-boxes/-/cli-boxes-1.0.0.tgz#4fa917c3e59c94a004cd61f8ee509da651687143"

co-body@^4.2.0:
  version "4.2.0"
  resolved "https://registry.yarnpkg.com/co-body/-/co-body-4.2.0.tgz#74df20fa73262125dc45482af04e342ea8db3515"
  dependencies:
    inflation "~2.0.0"
    qs "~4.0.0"
    raw-body "~2.1.2"
    type-is "~1.6.6"

code-point-at@^1.0.0:
  version "1.1.0"
  resolved "https://registry.yarnpkg.com/code-point-at/-/code-point-at-1.1.0.tgz#0d070b4d043a5bea33a2f1a40e2edb3d9a4ccf77"

colors@^1.1.2:
  version "1.1.2"
  resolved "https://registry.yarnpkg.com/colors/-/colors-1.1.2.tgz#168a4701756b6a7f51a12ce0c97bfa28c084ed63"

concat-map@0.0.1:
  version "0.0.1"
  resolved "https://registry.yarnpkg.com/concat-map/-/concat-map-0.0.1.tgz#d8a96bd77fd68df7793a73036a3ba0d5405d477b"

configstore@^3.0.0:
  version "3.0.0"
  resolved "https://registry.yarnpkg.com/configstore/-/configstore-3.0.0.tgz#e1b8669c1803ccc50b545e92f8e6e79aa80e0196"
  dependencies:
    dot-prop "^4.1.0"
    graceful-fs "^4.1.2"
    mkdirp "^0.5.0"
    unique-string "^1.0.0"
    write-file-atomic "^1.1.2"
    xdg-basedir "^3.0.0"

cookie@^0.3.1:
  version "0.3.1"
  resolved "https://registry.yarnpkg.com/cookie/-/cookie-0.3.1.tgz#e7e0a1f9ef43b4c8ba925c5c5a96e806d16873bb"

core-js@^2.4.0:
  version "2.4.1"
  resolved "https://registry.yarnpkg.com/core-js/-/core-js-2.4.1.tgz#4de911e667b0eae9124e34254b53aea6fc618d3e"

create-error-class@^3.0.0:
  version "3.0.2"
  resolved "https://registry.yarnpkg.com/create-error-class/-/create-error-class-3.0.2.tgz#06be7abef947a3f14a30fd610671d401bca8b7b6"
  dependencies:
    capture-stack-trace "^1.0.0"

cross-spawn-async@^2.1.1:
  version "2.2.5"
  resolved "https://registry.yarnpkg.com/cross-spawn-async/-/cross-spawn-async-2.2.5.tgz#845ff0c0834a3ded9d160daca6d390906bb288cc"
  dependencies:
    lru-cache "^4.0.0"
    which "^1.2.8"

crypto-random-string@^1.0.0:
  version "1.0.0"
  resolved "https://registry.yarnpkg.com/crypto-random-string/-/crypto-random-string-1.0.0.tgz#a230f64f568310e1498009940790ec99545bca7e"

debug@^2.2.0:
  version "2.6.1"
  resolved "https://registry.yarnpkg.com/debug/-/debug-2.6.1.tgz#79855090ba2c4e3115cc7d8769491d58f0491351"
  dependencies:
    ms "0.7.2"

deep-extend@~0.4.0:
  version "0.4.1"
  resolved "https://registry.yarnpkg.com/deep-extend/-/deep-extend-0.4.1.tgz#efe4113d08085f4e6f9687759810f807469e2253"

diff@^3.0.1, diff@^3.1.0:
  version "3.2.0"
  resolved "https://registry.yarnpkg.com/diff/-/diff-3.2.0.tgz#c9ce393a4b7cbd0b058a725c93df299027868ff9"

doctrine@^0.7.2:
  version "0.7.2"
  resolved "https://registry.yarnpkg.com/doctrine/-/doctrine-0.7.2.tgz#7cb860359ba3be90e040b26b729ce4bfa654c523"
  dependencies:
    esutils "^1.1.6"
    isarray "0.0.1"

dot-prop@^4.1.0:
  version "4.1.1"
  resolved "https://registry.yarnpkg.com/dot-prop/-/dot-prop-4.1.1.tgz#a8493f0b7b5eeec82525b5c7587fa7de7ca859c1"
  dependencies:
    is-obj "^1.0.0"

duplexer3@^0.1.4:
  version "0.1.4"
  resolved "https://registry.yarnpkg.com/duplexer3/-/duplexer3-0.1.4.tgz#ee01dd1cac0ed3cbc7fdbea37dc0a8f1ce002ce2"

error-ex@^1.2.0:
  version "1.3.1"
  resolved "https://registry.yarnpkg.com/error-ex/-/error-ex-1.3.1.tgz#f855a86ce61adc4e8621c3cda21e7a7612c3a8dc"
  dependencies:
    is-arrayish "^0.2.1"

escape-string-regexp@^1.0.2:
  version "1.0.5"
  resolved "https://registry.yarnpkg.com/escape-string-regexp/-/escape-string-regexp-1.0.5.tgz#1b61c0562190a8dff6ae3bb2cf0200ca130b86d4"

esutils@^1.1.6:
  version "1.1.6"
  resolved "https://registry.yarnpkg.com/esutils/-/esutils-1.1.6.tgz#c01ccaa9ae4b897c6d0c3e210ae52f3c7a844375"

esutils@^2.0.2:
  version "2.0.2"
  resolved "https://registry.yarnpkg.com/esutils/-/esutils-2.0.2.tgz#0abf4f1caa5bcb1f7a9d8acc6dea4faaa04bac9b"

execa@^0.4.0:
  version "0.4.0"
  resolved "https://registry.yarnpkg.com/execa/-/execa-0.4.0.tgz#4eb6467a36a095fabb2970ff9d5e3fb7bce6ebc3"
  dependencies:
    cross-spawn-async "^2.1.1"
    is-stream "^1.1.0"
    npm-run-path "^1.0.0"
    object-assign "^4.0.1"
    path-key "^1.0.0"
    strip-eof "^1.0.0"

findup-sync@~0.3.0:
  version "0.3.0"
  resolved "https://registry.yarnpkg.com/findup-sync/-/findup-sync-0.3.0.tgz#37930aa5d816b777c03445e1966cc6790a4c0b16"
  dependencies:
    glob "~5.0.0"

follow-redirects@1.0.0:
  version "1.0.0"
  resolved "https://registry.yarnpkg.com/follow-redirects/-/follow-redirects-1.0.0.tgz#8e34298cbd2e176f254effec75a1c78cc849fd37"
  dependencies:
    debug "^2.2.0"

fs-extra@^1.0.0:
  version "1.0.0"
  resolved "https://registry.yarnpkg.com/fs-extra/-/fs-extra-1.0.0.tgz#cd3ce5f7e7cb6145883fcae3191e9877f8587950"
  dependencies:
    graceful-fs "^4.1.2"
    jsonfile "^2.1.0"
    klaw "^1.0.0"

fs-promise@^1.0.0:
  version "1.0.0"
  resolved "https://registry.yarnpkg.com/fs-promise/-/fs-promise-1.0.0.tgz#4246a4cd45497d2ed57e6e4b22167d3864b23679"
  dependencies:
    any-promise "^1.0.0"
    fs-extra "^1.0.0"
    mz "^2.3.1"
    thenify-all "^1.6.0"

fs.realpath@^1.0.0:
  version "1.0.0"
  resolved "https://registry.yarnpkg.com/fs.realpath/-/fs.realpath-1.0.0.tgz#1504ad2523158caa40db4a2787cb01411994ea4f"

get-stream@^3.0.0:
  version "3.0.0"
  resolved "https://registry.yarnpkg.com/get-stream/-/get-stream-3.0.0.tgz#8e943d1358dc37555054ecbe2edb05aa174ede14"

glob@^7.1.1:
  version "7.1.1"
  resolved "https://registry.yarnpkg.com/glob/-/glob-7.1.1.tgz#805211df04faaf1c63a3600306cdf5ade50b2ec8"
  dependencies:
    fs.realpath "^1.0.0"
    inflight "^1.0.4"
    inherits "2"
    minimatch "^3.0.2"
    once "^1.3.0"
    path-is-absolute "^1.0.0"

glob@~5.0.0:
  version "5.0.15"
  resolved "https://registry.yarnpkg.com/glob/-/glob-5.0.15.tgz#1bc936b9e02f4a603fcc222ecf7633d30b8b93b1"
  dependencies:
    inflight "^1.0.4"
    inherits "2"
    minimatch "2 || 3"
    once "^1.3.0"
    path-is-absolute "^1.0.0"

got@^6.7.1:
  version "6.7.1"
  resolved "https://registry.yarnpkg.com/got/-/got-6.7.1.tgz#240cd05785a9a18e561dc1b44b41c763ef1e8db0"
  dependencies:
    create-error-class "^3.0.0"
    duplexer3 "^0.1.4"
    get-stream "^3.0.0"
    is-redirect "^1.0.0"
    is-retry-allowed "^1.0.0"
    is-stream "^1.0.0"
    lowercase-keys "^1.0.0"
    safe-buffer "^5.0.1"
    timed-out "^4.0.0"
    unzip-response "^2.0.1"
    url-parse-lax "^1.0.0"

graceful-fs@^4.1.11, graceful-fs@^4.1.2, graceful-fs@^4.1.6, graceful-fs@^4.1.9:
  version "4.1.11"
  resolved "https://registry.yarnpkg.com/graceful-fs/-/graceful-fs-4.1.11.tgz#0e8bdfe4d1ddb8854d64e04ea7c00e2a026e5658"

has-ansi@^2.0.0:
  version "2.0.0"
  resolved "https://registry.yarnpkg.com/has-ansi/-/has-ansi-2.0.0.tgz#34f5049ce1ecdf2b0649af3ef24e45ed35416d91"
  dependencies:
    ansi-regex "^2.0.0"

iconv-lite@0.4.13:
  version "0.4.13"
  resolved "https://registry.yarnpkg.com/iconv-lite/-/iconv-lite-0.4.13.tgz#1f88aba4ab0b1508e8312acc39345f36e992e2f2"

imurmurhash@^0.1.4:
  version "0.1.4"
  resolved "https://registry.yarnpkg.com/imurmurhash/-/imurmurhash-0.1.4.tgz#9218b9b2b928a238b13dc4fb6b6d576f231453ea"

inflation@~2.0.0:
  version "2.0.0"
  resolved "https://registry.yarnpkg.com/inflation/-/inflation-2.0.0.tgz#8b417e47c28f925a45133d914ca1fd389107f30f"

inflight@^1.0.4:
  version "1.0.6"
  resolved "https://registry.yarnpkg.com/inflight/-/inflight-1.0.6.tgz#49bd6331d7d02d0c09bc910a1075ba8165b56df9"
  dependencies:
    once "^1.3.0"
    wrappy "1"

inherits@2:
  version "2.0.3"
  resolved "https://registry.yarnpkg.com/inherits/-/inherits-2.0.3.tgz#633c2c83e3da42a502f52466022480f4208261de"

ini@~1.3.0:
  version "1.3.4"
  resolved "https://registry.yarnpkg.com/ini/-/ini-1.3.4.tgz#0537cb79daf59b59a1a517dff706c86ec039162e"

is-arrayish@^0.2.1:
  version "0.2.1"
  resolved "https://registry.yarnpkg.com/is-arrayish/-/is-arrayish-0.2.1.tgz#77c99840527aa8ecb1a8ba697b80645a7a926a9d"

is-fullwidth-code-point@^1.0.0:
  version "1.0.0"
  resolved "https://registry.yarnpkg.com/is-fullwidth-code-point/-/is-fullwidth-code-point-1.0.0.tgz#ef9e31386f031a7f0d643af82fde50c457ef00cb"
  dependencies:
    number-is-nan "^1.0.0"

is-fullwidth-code-point@^2.0.0:
  version "2.0.0"
  resolved "https://registry.yarnpkg.com/is-fullwidth-code-point/-/is-fullwidth-code-point-2.0.0.tgz#a3b30a5c4f199183167aaab93beefae3ddfb654f"

is-npm@^1.0.0:
  version "1.0.0"
  resolved "https://registry.yarnpkg.com/is-npm/-/is-npm-1.0.0.tgz#f2fb63a65e4905b406c86072765a1a4dc793b9f4"

is-obj@^1.0.0:
  version "1.0.1"
  resolved "https://registry.yarnpkg.com/is-obj/-/is-obj-1.0.1.tgz#3e4729ac1f5fde025cd7d83a896dab9f4f67db0f"

is-redirect@^1.0.0:
  version "1.0.0"
  resolved "https://registry.yarnpkg.com/is-redirect/-/is-redirect-1.0.0.tgz#1d03dded53bd8db0f30c26e4f95d36fc7c87dc24"

is-retry-allowed@^1.0.0:
  version "1.1.0"
  resolved "https://registry.yarnpkg.com/is-retry-allowed/-/is-retry-allowed-1.1.0.tgz#11a060568b67339444033d0125a61a20d564fb34"

is-stream@^1.0.0, is-stream@^1.1.0:
  version "1.1.0"
  resolved "https://registry.yarnpkg.com/is-stream/-/is-stream-1.1.0.tgz#12d4a3dd4e68e0b79ceb8dbc84173ae80d91ca44"

is-utf8@^0.2.0:
  version "0.2.1"
  resolved "https://registry.yarnpkg.com/is-utf8/-/is-utf8-0.2.1.tgz#4b0da1442104d1b336340e80797e865cf39f7d72"

isarray@0.0.1:
  version "0.0.1"
  resolved "https://registry.yarnpkg.com/isarray/-/isarray-0.0.1.tgz#8a18acfca9a8f4177e09abfc6038939b05d1eedf"

isexe@^1.1.1:
  version "1.1.2"
  resolved "https://registry.yarnpkg.com/isexe/-/isexe-1.1.2.tgz#36f3e22e60750920f5e7241a476a8c6a42275ad0"

js-tokens@^3.0.0:
  version "3.0.1"
  resolved "https://registry.yarnpkg.com/js-tokens/-/js-tokens-3.0.1.tgz#08e9f132484a2c45a30907e9dc4d5567b7f114d7"

jsonfile@^2.1.0:
  version "2.4.0"
  resolved "https://registry.yarnpkg.com/jsonfile/-/jsonfile-2.4.0.tgz#3736a2b428b87bbda0cc83b53fa3d633a35c2ae8"
  optionalDependencies:
    graceful-fs "^4.1.6"

klaw@^1.0.0:
  version "1.3.1"
  resolved "https://registry.yarnpkg.com/klaw/-/klaw-1.3.1.tgz#4088433b46b3b1ba259d78785d8e96f73ba02439"
  optionalDependencies:
    graceful-fs "^4.1.9"

latest-version@^3.0.0:
  version "3.0.0"
  resolved "https://registry.yarnpkg.com/latest-version/-/latest-version-3.0.0.tgz#3104f008c0c391084107f85a344bc61e38970649"
  dependencies:
    package-json "^3.0.0"

lazy-req@^2.0.0:
  version "2.0.0"
  resolved "https://registry.yarnpkg.com/lazy-req/-/lazy-req-2.0.0.tgz#c9450a363ecdda2e6f0c70132ad4f37f8f06f2b4"

lowercase-keys@^1.0.0:
  version "1.0.0"
  resolved "https://registry.yarnpkg.com/lowercase-keys/-/lowercase-keys-1.0.0.tgz#4e3366b39e7f5457e35f1324bdf6f88d0bfc7306"

lru-cache@^4.0.0:
  version "4.0.2"
  resolved "https://registry.yarnpkg.com/lru-cache/-/lru-cache-4.0.2.tgz#1d17679c069cda5d040991a09dbc2c0db377e55e"
  dependencies:
    pseudomap "^1.0.1"
    yallist "^2.0.0"

make-error@^1.1.1:
  version "1.2.2"
  resolved "https://registry.yarnpkg.com/make-error/-/make-error-1.2.2.tgz#e4e270e474f642cca20fa126fe441163957832ef"

media-typer@0.3.0:
  version "0.3.0"
  resolved "https://registry.yarnpkg.com/media-typer/-/media-typer-0.3.0.tgz#8710d7af0aa626f8fffa1ce00168545263255748"

mime-db@~1.26.0:
  version "1.26.0"
  resolved "https://registry.yarnpkg.com/mime-db/-/mime-db-1.26.0.tgz#eaffcd0e4fc6935cf8134da246e2e6c35305adff"

mime-types@~2.1.13:
  version "2.1.14"
  resolved "https://registry.yarnpkg.com/mime-types/-/mime-types-2.1.14.tgz#f7ef7d97583fcaf3b7d282b6f8b5679dab1e94ee"
  dependencies:
    mime-db "~1.26.0"

"minimatch@2 || 3", minimatch@^3.0.2:
  version "3.0.3"
  resolved "https://registry.yarnpkg.com/minimatch/-/minimatch-3.0.3.tgz#2a4e4090b96b2db06a9d7df01055a62a77c9b774"
  dependencies:
    brace-expansion "^1.0.0"

minimist@0.0.8, minimist@~0.0.1:
  version "0.0.8"
  resolved "https://registry.yarnpkg.com/minimist/-/minimist-0.0.8.tgz#857fcabfc3397d2625b8228262e86aa7a011b05d"

minimist@^1.2.0:
  version "1.2.0"
  resolved "https://registry.yarnpkg.com/minimist/-/minimist-1.2.0.tgz#a35008b20f41383eec1fb914f4cd5df79a264284"

mkdirp@^0.5.0, mkdirp@^0.5.1:
  version "0.5.1"
  resolved "https://registry.yarnpkg.com/mkdirp/-/mkdirp-0.5.1.tgz#30057438eac6cf7f8c4767f38648d6697d75c903"
  dependencies:
    minimist "0.0.8"

ms@0.7.2:
  version "0.7.2"
  resolved "https://registry.yarnpkg.com/ms/-/ms-0.7.2.tgz#ae25cf2512b3885a1d95d7f037868d8431124765"

mz@^2.3.1:
  version "2.6.0"
  resolved "https://registry.yarnpkg.com/mz/-/mz-2.6.0.tgz#c8b8521d958df0a4f2768025db69c719ee4ef1ce"
  dependencies:
    any-promise "^1.0.0"
    object-assign "^4.0.1"
    thenify-all "^1.0.0"

npm-run-path@^1.0.0:
  version "1.0.0"
  resolved "https://registry.yarnpkg.com/npm-run-path/-/npm-run-path-1.0.0.tgz#f5c32bf595fe81ae927daec52e82f8b000ac3c8f"
  dependencies:
    path-key "^1.0.0"

number-is-nan@^1.0.0:
  version "1.0.1"
  resolved "https://registry.yarnpkg.com/number-is-nan/-/number-is-nan-1.0.1.tgz#097b602b53422a522c1afb8790318336941a011d"

object-assign@^4.0.1:
  version "4.1.1"
  resolved "https://registry.yarnpkg.com/object-assign/-/object-assign-4.1.1.tgz#2109adc7965887cfc05cbbd442cac8bfbb360863"

once@^1.3.0:
  version "1.4.0"
  resolved "https://registry.yarnpkg.com/once/-/once-1.4.0.tgz#583b1aa775961d4b113ac17d9c50baef9dd76bd1"
  dependencies:
    wrappy "1"

optimist@~0.6.0:
  version "0.6.1"
  resolved "https://registry.yarnpkg.com/optimist/-/optimist-0.6.1.tgz#da3ea74686fa21a19a111c326e90eb15a0196686"
  dependencies:
    minimist "~0.0.1"
    wordwrap "~0.0.2"

package-json@^3.0.0:
  version "3.1.0"
  resolved "https://registry.yarnpkg.com/package-json/-/package-json-3.1.0.tgz#ce281900fe8052150cc6709c6c006c18fdb2f379"
  dependencies:
    got "^6.7.1"
    registry-auth-token "^3.0.1"
    registry-url "^3.0.3"
    semver "^5.1.0"

parse-json@^2.2.0:
  version "2.2.0"
  resolved "https://registry.yarnpkg.com/parse-json/-/parse-json-2.2.0.tgz#f480f40434ef80741f8469099f8dea18f55a4dc9"
  dependencies:
    error-ex "^1.2.0"

path-is-absolute@^1.0.0:
  version "1.0.1"
  resolved "https://registry.yarnpkg.com/path-is-absolute/-/path-is-absolute-1.0.1.tgz#174b9268735534ffbc7ace6bf53a5a9e1b5c5f5f"

path-key@^1.0.0:
  version "1.0.0"
  resolved "https://registry.yarnpkg.com/path-key/-/path-key-1.0.0.tgz#5d53d578019646c0d68800db4e146e6bdc2ac7af"

path-parse@^1.0.5:
  version "1.0.5"
  resolved "https://registry.yarnpkg.com/path-parse/-/path-parse-1.0.5.tgz#3c1adf871ea9cd6c9431b6ea2bd74a0ff055c4c1"

pinkie@^2.0.4:
  version "2.0.4"
  resolved "https://registry.yarnpkg.com/pinkie/-/pinkie-2.0.4.tgz#72556b80cfa0d48a974e80e77248e80ed4f7f870"

prepend-http@^1.0.1:
  version "1.0.4"
  resolved "https://registry.yarnpkg.com/prepend-http/-/prepend-http-1.0.4.tgz#d4f4562b0ce3696e41ac52d0e002e57a635dc6dc"

pseudomap@^1.0.1:
  version "1.0.2"
  resolved "https://registry.yarnpkg.com/pseudomap/-/pseudomap-1.0.2.tgz#f052a28da70e618917ef0a8ac34c1ae5a68286b3"

qs@~4.0.0:
  version "4.0.0"
  resolved "https://registry.yarnpkg.com/qs/-/qs-4.0.0.tgz#c31d9b74ec27df75e543a86c78728ed8d4623607"

ramda@^0.23.0:
  version "0.23.0"
  resolved "https://registry.yarnpkg.com/ramda/-/ramda-0.23.0.tgz#ccd13fff73497a93974e3e86327bfd87bd6e8e2b"

raw-body@~2.1.2:
  version "2.1.7"
  resolved "https://registry.yarnpkg.com/raw-body/-/raw-body-2.1.7.tgz#adfeace2e4fb3098058014d08c072dcc59758774"
  dependencies:
    bytes "2.4.0"
    iconv-lite "0.4.13"
    unpipe "1.0.0"

rc@^1.0.1, rc@^1.1.6:
  version "1.1.7"
  resolved "https://registry.yarnpkg.com/rc/-/rc-1.1.7.tgz#c5ea564bb07aff9fd3a5b32e906c1d3a65940fea"
  dependencies:
    deep-extend "~0.4.0"
    ini "~1.3.0"
    minimist "^1.2.0"
    strip-json-comments "~2.0.1"

regenerator-runtime@^0.10.0:
  version "0.10.3"
  resolved "https://registry.yarnpkg.com/regenerator-runtime/-/regenerator-runtime-0.10.3.tgz#8c4367a904b51ea62a908ac310bf99ff90a82a3e"

registry-auth-token@^3.0.1:
  version "3.1.0"
  resolved "https://registry.yarnpkg.com/registry-auth-token/-/registry-auth-token-3.1.0.tgz#997c08256e0c7999837b90e944db39d8a790276b"
  dependencies:
    rc "^1.1.6"

registry-url@^3.0.3:
  version "3.1.0"
  resolved "https://registry.yarnpkg.com/registry-url/-/registry-url-3.1.0.tgz#3d4ef870f73dde1d77f0cf9a381432444e174942"
  dependencies:
    rc "^1.0.1"

resolve@^1.1.7:
  version "1.3.2"
  resolved "https://registry.yarnpkg.com/resolve/-/resolve-1.3.2.tgz#1f0442c9e0cbb8136e87b9305f932f46c7f28235"
  dependencies:
    path-parse "^1.0.5"

safe-buffer@^5.0.1:
  version "5.0.1"
  resolved "https://registry.yarnpkg.com/safe-buffer/-/safe-buffer-5.0.1.tgz#d263ca54696cd8a306b5ca6551e92de57918fbe7"

semver-diff@^2.0.0:
  version "2.1.0"
  resolved "https://registry.yarnpkg.com/semver-diff/-/semver-diff-2.1.0.tgz#4bbb8437c8d37e4b0cf1a68fd726ec6d645d6d36"
  dependencies:
    semver "^5.0.3"

semver@^5.0.3, semver@^5.1.0:
  version "5.3.0"
  resolved "https://registry.yarnpkg.com/semver/-/semver-5.3.0.tgz#9b2ce5d3de02d17c6012ad326aa6b4d0cf54f94f"

slide@^1.1.5:
  version "1.1.6"
  resolved "https://registry.yarnpkg.com/slide/-/slide-1.1.6.tgz#56eb027d65b4d2dce6cb2e2d32c4d4afc9e1d707"

source-map-support@^0.4.0:
  version "0.4.11"
  resolved "https://registry.yarnpkg.com/source-map-support/-/source-map-support-0.4.11.tgz#647f939978b38535909530885303daf23279f322"
  dependencies:
    source-map "^0.5.3"

source-map@^0.5.3:
  version "0.5.6"
  resolved "https://registry.yarnpkg.com/source-map/-/source-map-0.5.6.tgz#75ce38f52bf0733c5a7f0c118d81334a2bb5f412"

string-width@^1.0.1:
  version "1.0.2"
  resolved "https://registry.yarnpkg.com/string-width/-/string-width-1.0.2.tgz#118bdf5b8cdc51a2a7e70d211e07e2b0b9b107d3"
  dependencies:
    code-point-at "^1.0.0"
    is-fullwidth-code-point "^1.0.0"
    strip-ansi "^3.0.0"

string-width@^2.0.0:
  version "2.0.0"
  resolved "https://registry.yarnpkg.com/string-width/-/string-width-2.0.0.tgz#635c5436cc72a6e0c387ceca278d4e2eec52687e"
  dependencies:
    is-fullwidth-code-point "^2.0.0"
    strip-ansi "^3.0.0"

strip-ansi@^3.0.0:
  version "3.0.1"
  resolved "https://registry.yarnpkg.com/strip-ansi/-/strip-ansi-3.0.1.tgz#6a385fb8853d952d5ff05d0e8aaf94278dc63dcf"
  dependencies:
    ansi-regex "^2.0.0"

strip-bom@^2.0.0:
  version "2.0.0"
  resolved "https://registry.yarnpkg.com/strip-bom/-/strip-bom-2.0.0.tgz#6219a85616520491f35788bdbf1447a99c7e6b0e"
  dependencies:
    is-utf8 "^0.2.0"

strip-eof@^1.0.0:
  version "1.0.0"
  resolved "https://registry.yarnpkg.com/strip-eof/-/strip-eof-1.0.0.tgz#bb43ff5598a6eb05d89b59fcd129c983313606bf"

strip-json-comments@^2.0.0, strip-json-comments@~2.0.1:
  version "2.0.1"
  resolved "https://registry.yarnpkg.com/strip-json-comments/-/strip-json-comments-2.0.1.tgz#3c531942e908c2697c0ec344858c286c7ca0a60a"

supports-color@^2.0.0:
  version "2.0.0"
  resolved "https://registry.yarnpkg.com/supports-color/-/supports-color-2.0.0.tgz#535d045ce6b6363fa40117084629995e9df324c7"

term-size@^0.1.0:
  version "0.1.1"
  resolved "https://registry.yarnpkg.com/term-size/-/term-size-0.1.1.tgz#87360b96396cab5760963714cda0d0cbeecad9ca"
  dependencies:
    execa "^0.4.0"

thenify-all@^1.0.0, thenify-all@^1.6.0:
  version "1.6.0"
  resolved "https://registry.yarnpkg.com/thenify-all/-/thenify-all-1.6.0.tgz#1a1918d402d8fc3f98fbf234db0bcc8cc10e9726"
  dependencies:
    thenify ">= 3.1.0 < 4"

"thenify@>= 3.1.0 < 4":
  version "3.2.1"
  resolved "https://registry.yarnpkg.com/thenify/-/thenify-3.2.1.tgz#251fd1c80aff6e5cf57cb179ab1fcb724269bd11"
  dependencies:
    any-promise "^1.0.0"

timed-out@^4.0.0:
  version "4.0.1"
  resolved "https://registry.yarnpkg.com/timed-out/-/timed-out-4.0.1.tgz#f32eacac5a175bea25d7fab565ab3ed8741ef56f"

ts-node@^2.0.0:
  version "2.1.0"
  resolved "https://registry.yarnpkg.com/ts-node/-/ts-node-2.1.0.tgz#aa2bf4b2e25c5fb6a7c54701edc3666d3a9db25d"
  dependencies:
    arrify "^1.0.0"
    chalk "^1.1.1"
    diff "^3.1.0"
    make-error "^1.1.1"
    minimist "^1.2.0"
    mkdirp "^0.5.1"
    pinkie "^2.0.4"
    source-map-support "^0.4.0"
    tsconfig "^5.0.2"
    v8flags "^2.0.11"
    xtend "^4.0.0"
    yn "^1.2.0"

tsconfig@^5.0.2:
  version "5.0.3"
  resolved "https://registry.yarnpkg.com/tsconfig/-/tsconfig-5.0.3.tgz#5f4278e701800967a8fc383fd19648878f2a6e3a"
  dependencies:
    any-promise "^1.3.0"
    parse-json "^2.2.0"
    strip-bom "^2.0.0"
    strip-json-comments "^2.0.0"

tslint-config-vtex@^1.2.0:
  version "1.2.0"
  resolved "https://registry.yarnpkg.com/tslint-config-vtex/-/tslint-config-vtex-1.2.0.tgz#5fd6216067579928ff6b6784171dc6b42fab6d88"

tslint-eslint-rules@^3.2.3:
  version "3.4.0"
  resolved "https://registry.yarnpkg.com/tslint-eslint-rules/-/tslint-eslint-rules-3.4.0.tgz#694e988121e48168bdb7879a3cc3c9f90b90a1f2"
  dependencies:
    doctrine "^0.7.2"

tslint@^4.4.2:
  version "4.5.1"
  resolved "https://registry.yarnpkg.com/tslint/-/tslint-4.5.1.tgz#05356871bef23a434906734006fc188336ba824b"
  dependencies:
    babel-code-frame "^6.20.0"
    colors "^1.1.2"
    diff "^3.0.1"
    findup-sync "~0.3.0"
    glob "^7.1.1"
    optimist "~0.6.0"
    resolve "^1.1.7"
    tsutils "^1.1.0"
    update-notifier "^2.0.0"

tsutils@^1.1.0:
  version "1.2.2"
  resolved "https://registry.yarnpkg.com/tsutils/-/tsutils-1.2.2.tgz#7e165c601367b9f89200b97ff47d9e38d1a6e4c8"

type-is@~1.6.6:
  version "1.6.14"
  resolved "https://registry.yarnpkg.com/type-is/-/type-is-1.6.14.tgz#e219639c17ded1ca0789092dd54a03826b817cb2"
  dependencies:
    media-typer "0.3.0"
    mime-types "~2.1.13"

typescript@^2.1.5:
  version "2.2.1"
  resolved "https://registry.yarnpkg.com/typescript/-/typescript-2.2.1.tgz#4862b662b988a4c8ff691cc7969622d24db76ae9"

unique-string@^1.0.0:
  version "1.0.0"
  resolved "https://registry.yarnpkg.com/unique-string/-/unique-string-1.0.0.tgz#9e1057cca851abb93398f8b33ae187b99caec11a"
  dependencies:
    crypto-random-string "^1.0.0"

unpipe@1.0.0:
  version "1.0.0"
  resolved "https://registry.yarnpkg.com/unpipe/-/unpipe-1.0.0.tgz#b2bf4ee8514aae6165b4817829d21b2ef49904ec"

unzip-response@^2.0.1:
  version "2.0.1"
  resolved "https://registry.yarnpkg.com/unzip-response/-/unzip-response-2.0.1.tgz#d2f0f737d16b0615e72a6935ed04214572d56f97"

update-notifier@^2.0.0:
  version "2.1.0"
  resolved "https://registry.yarnpkg.com/update-notifier/-/update-notifier-2.1.0.tgz#ec0c1e53536b76647a24b77cb83966d9315123d9"
  dependencies:
    boxen "^1.0.0"
    chalk "^1.0.0"
    configstore "^3.0.0"
    is-npm "^1.0.0"
    latest-version "^3.0.0"
    lazy-req "^2.0.0"
    semver-diff "^2.0.0"
    xdg-basedir "^3.0.0"

url-parse-lax@^1.0.0:
  version "1.0.0"
  resolved "https://registry.yarnpkg.com/url-parse-lax/-/url-parse-lax-1.0.0.tgz#7af8f303645e9bd79a272e7a14ac68bc0609da73"
  dependencies:
    prepend-http "^1.0.1"

user-home@^1.1.1:
  version "1.1.1"
  resolved "https://registry.yarnpkg.com/user-home/-/user-home-1.1.1.tgz#2b5be23a32b63a7c9deb8d0f28d485724a3df190"

v8flags@^2.0.11:
  version "2.0.11"
  resolved "https://registry.yarnpkg.com/v8flags/-/v8flags-2.0.11.tgz#bca8f30f0d6d60612cc2c00641e6962d42ae6881"
  dependencies:
    user-home "^1.1.1"

vtex-graphql-builder@^0.0.5:
  version "0.0.5"
  resolved "https://registry.yarnpkg.com/vtex-graphql-builder/-/vtex-graphql-builder-0.0.5.tgz#1a0d66648841d908d6dcc2df209de2e851048f19"
  dependencies:
    co-body "^4.2.0"

which@^1.2.8:
  version "1.2.12"
  resolved "https://registry.yarnpkg.com/which/-/which-1.2.12.tgz#de67b5e450269f194909ef23ece4ebe416fa1192"
  dependencies:
    isexe "^1.1.1"

widest-line@^1.0.0:
  version "1.0.0"
  resolved "https://registry.yarnpkg.com/widest-line/-/widest-line-1.0.0.tgz#0c09c85c2a94683d0d7eaf8ee097d564bf0e105c"
  dependencies:
    string-width "^1.0.1"

wordwrap@~0.0.2:
  version "0.0.3"
  resolved "https://registry.yarnpkg.com/wordwrap/-/wordwrap-0.0.3.tgz#a3d5da6cd5c0bc0008d37234bbaf1bed63059107"

wrappy@1:
  version "1.0.2"
  resolved "https://registry.yarnpkg.com/wrappy/-/wrappy-1.0.2.tgz#b5243d8f3ec1aa35f1364605bc0d1036e30ab69f"

write-file-atomic@^1.1.2:
  version "1.3.1"
  resolved "https://registry.yarnpkg.com/write-file-atomic/-/write-file-atomic-1.3.1.tgz#7d45ba32316328dd1ec7d90f60ebc0d845bb759a"
  dependencies:
    graceful-fs "^4.1.11"
    imurmurhash "^0.1.4"
    slide "^1.1.5"

xdg-basedir@^3.0.0:
  version "3.0.0"
  resolved "https://registry.yarnpkg.com/xdg-basedir/-/xdg-basedir-3.0.0.tgz#496b2cc109eca8dbacfe2dc72b603c17c5870ad4"

xtend@^4.0.0:
  version "4.0.1"
  resolved "https://registry.yarnpkg.com/xtend/-/xtend-4.0.1.tgz#a5c6d532be656e23db820efb943a1f04998d63af"

yallist@^2.0.0:
  version "2.0.0"
  resolved "https://registry.yarnpkg.com/yallist/-/yallist-2.0.0.tgz#306c543835f09ee1a4cb23b7bce9ab341c91cdd4"

yn@^1.2.0:
  version "1.2.0"
  resolved "https://registry.yarnpkg.com/yn/-/yn-1.2.0.tgz#d237a4c533f279b2b89d3acac2db4b8c795e4a63"
